
Microsoft Visual Studio Solution File, Format Version 10.00
# Visual Studio 2008
Project("{FAE04EC0-301F-11D3-BF4B-00C04F79EFBC}") = "SpecUnit", "Speq\Speq.csproj", "{8CF25601-5D05-47F5-9BC7-A5514FD0FA56}"
EndProject
Project("{FAE04EC0-301F-11D3-BF4B-00C04F79EFBC}") = "Tests", "Speq\Tests\Tests.csproj", "{176FA104-13A5-4E07-8B63-2B38E2216236}"
EndProject
Global
	GlobalSection(SolutionConfigurationPlatforms) = preSolution
		Debug|Any CPU = Debug|Any CPU
		Release|Any CPU = Release|Any CPU
	EndGlobalSection
	GlobalSection(ProjectConfigurationPlatforms) = postSolution
		{176FA104-13A5-4E07-8B63-2B38E2216236}.Debug|Any CPU.ActiveCfg = Debug|Any CPU
		{176FA104-13A5-4E07-8B63-2B38E2216236}.Debug|Any CPU.Build.0 = Debug|Any CPU
		{176FA104-13A5-4E07-8B63-2B38E2216236}.Release|Any CPU.ActiveCfg = Release|Any CPU
		{176FA104-13A5-4E07-8B63-2B38E2216236}.Release|Any CPU.Build.0 = Release|Any CPU
		{8CF25601-5D05-47F5-9BC7-A5514FD0FA56}.Debug|Any CPU.ActiveCfg = Debug|Any CPU
		{8CF25601-5D05-47F5-9BC7-A5514FD0FA56}.Debug|Any CPU.Build.0 = Debug|Any CPU
		{8CF25601-5D05-47F5-9BC7-A5514FD0FA56}.Release|Any CPU.ActiveCfg = Release|Any CPU
		{8CF25601-5D05-47F5-9BC7-A5514FD0FA56}.Release|Any CPU.Build.0 = Release|Any CPU
	EndGlobalSection
	GlobalSection(MonoDevelopProperties) = preSolution
		StartupItem = Speq.csproj
	EndGlobalSection
EndGlobal
